
Microsoft Visual Studio Solution File, Format Version 12.00
# Visual Studio Version 17
VisualStudioVersion = 17.10.35122.118
MinimumVisualStudioVersion = 10.0.40219.1
Project("{FAE04EC0-301F-11D3-BF4B-00C04F79EFBC}") = "IList", "IList\IList.csproj", "{2568F37F-13F9-47BC-965C-D7F9DF1ABF4D}"
EndProject
Project("{FAE04EC0-301F-11D3-BF4B-00C04F79EFBC}") = "IListUnitTest", "IListUnitTest\IListUnitTest.csproj", "{A823F5F6-82B8-47AD-B01F-802707AD375B}"
EndProject
Global
	GlobalSection(SolutionConfigurationPlatforms) = preSolution
		Debug|Any CPU = Debug|Any CPU
		Release|Any CPU = Release|Any CPU
	EndGlobalSection
	GlobalSection(ProjectConfigurationPlatforms) = postSolution
		{2568F37F-13F9-47BC-965C-D7F9DF1ABF4D}.Debug|Any CPU.ActiveCfg = Debug|Any CPU
		{2568F37F-13F9-47BC-965C-D7F9DF1ABF4D}.Debug|Any CPU.Build.0 = Debug|Any CPU
		{2568F37F-13F9-47BC-965C-D7F9DF1ABF4D}.Release|Any CPU.ActiveCfg = Release|Any CPU
		{2568F37F-13F9-47BC-965C-D7F9DF1ABF4D}.Release|Any CPU.Build.0 = Release|Any CPU
		{A823F5F6-82B8-47AD-B01F-802707AD375B}.Debug|Any CPU.ActiveCfg = Debug|Any CPU
		{A823F5F6-82B8-47AD-B01F-802707AD375B}.Debug|Any CPU.Build.0 = Debug|Any CPU
		{A823F5F6-82B8-47AD-B01F-802707AD375B}.Release|Any CPU.ActiveCfg = Release|Any CPU
		{A823F5F6-82B8-47AD-B01F-802707AD375B}.Release|Any CPU.Build.0 = Release|Any CPU
	EndGlobalSection
	GlobalSection(SolutionProperties) = preSolution
		HideSolutionNode = FALSE
	EndGlobalSection
	GlobalSection(ExtensibilityGlobals) = postSolution
		SolutionGuid = {16692D3F-8096-4670-80B1-999783E493CB}
	EndGlobalSection
EndGlobal
